
Microsoft Visual Studio Solution File, Format Version 12.00
# Visual Studio Version 16
VisualStudioVersion = 16.0.30711.63
MinimumVisualStudioVersion = 10.0.40219.1
Project("{9A19103F-16F7-4668-BE54-9A1E7A4F7556}") = "Services", "Services\Services.csproj", "{7E3C2055-B8B8-4553-A0D1-CCF1F063B0F4}"
EndProject
Project("{9A19103F-16F7-4668-BE54-9A1E7A4F7556}") = "Core", "Core\Core.csproj", "{752B7443-B4AF-43BD-8DDB-40C5D067EB71}"
EndProject
Project("{9A19103F-16F7-4668-BE54-9A1E7A4F7556}") = "Data", "Data\Data.csproj", "{2904553F-8CDC-4D66-BC46-4444159A3355}"
EndProject
Project("{FAE04EC0-301F-11D3-BF4B-00C04F79EFBC}") = "Cam4G_core", "Cam4G_core\Cam4G_core.csproj", "{AF4A4108-7186-482B-8111-E8F513AE976A}"
EndProject
Global
	GlobalSection(SolutionConfigurationPlatforms) = preSolution
		Debug|Any CPU = Debug|Any CPU
		Release|Any CPU = Release|Any CPU
	EndGlobalSection
	GlobalSection(ProjectConfigurationPlatforms) = postSolution
		{7E3C2055-B8B8-4553-A0D1-CCF1F063B0F4}.Debug|Any CPU.ActiveCfg = Debug|Any CPU
		{7E3C2055-B8B8-4553-A0D1-CCF1F063B0F4}.Debug|Any CPU.Build.0 = Debug|Any CPU
		{7E3C2055-B8B8-4553-A0D1-CCF1F063B0F4}.Release|Any CPU.ActiveCfg = Release|Any CPU
		{7E3C2055-B8B8-4553-A0D1-CCF1F063B0F4}.Release|Any CPU.Build.0 = Release|Any CPU
		{752B7443-B4AF-43BD-8DDB-40C5D067EB71}.Debug|Any CPU.ActiveCfg = Debug|Any CPU
		{752B7443-B4AF-43BD-8DDB-40C5D067EB71}.Debug|Any CPU.Build.0 = Debug|Any CPU
		{752B7443-B4AF-43BD-8DDB-40C5D067EB71}.Release|Any CPU.ActiveCfg = Release|Any CPU
		{752B7443-B4AF-43BD-8DDB-40C5D067EB71}.Release|Any CPU.Build.0 = Release|Any CPU
		{2904553F-8CDC-4D66-BC46-4444159A3355}.Debug|Any CPU.ActiveCfg = Debug|Any CPU
		{2904553F-8CDC-4D66-BC46-4444159A3355}.Debug|Any CPU.Build.0 = Debug|Any CPU
		{2904553F-8CDC-4D66-BC46-4444159A3355}.Release|Any CPU.ActiveCfg = Release|Any CPU
		{2904553F-8CDC-4D66-BC46-4444159A3355}.Release|Any CPU.Build.0 = Release|Any CPU
		{AF4A4108-7186-482B-8111-E8F513AE976A}.Debug|Any CPU.ActiveCfg = Debug|Any CPU
		{AF4A4108-7186-482B-8111-E8F513AE976A}.Debug|Any CPU.Build.0 = Debug|Any CPU
		{AF4A4108-7186-482B-8111-E8F513AE976A}.Release|Any CPU.ActiveCfg = Release|Any CPU
		{AF4A4108-7186-482B-8111-E8F513AE976A}.Release|Any CPU.Build.0 = Release|Any CPU
	EndGlobalSection
	GlobalSection(SolutionProperties) = preSolution
		HideSolutionNode = FALSE
	EndGlobalSection
	GlobalSection(ExtensibilityGlobals) = postSolution
		SolutionGuid = {4E1C9423-91DD-4555-8AA9-626BD689461A}
	EndGlobalSection
EndGlobal
